// !$*UTF8*$!
{
	archiveVersion = 1;
	classes = {
	};
	objectVersion = 50;
	objects = {

/* Begin PBXBuildFile section */
		9C08440A20DCFCDE0026512E /* AppDelegate.swift in Sources */ = {isa = PBXBuildFile; fileRef = 9C08440920DCFCDE0026512E /* AppDelegate.swift */; };
		9C08440C20DCFCDE0026512E /* ViewController.swift in Sources */ = {isa = PBXBuildFile; fileRef = 9C08440B20DCFCDE0026512E /* ViewController.swift */; };
		9C08440F20DCFCDE0026512E /* Main.storyboard in Resources */ = {isa = PBXBuildFile; fileRef = 9C08440D20DCFCDE0026512E /* Main.storyboard */; };
		9C08441220DCFCDE0026512E /* CoreDataSample.xcdatamodeld in Sources */ = {isa = PBXBuildFile; fileRef = 9C08441020DCFCDE0026512E /* CoreDataSample.xcdatamodeld */; };
		9C08441420DCFCE60026512E /* Assets.xcassets in Resources */ = {isa = PBXBuildFile; fileRef = 9C08441320DCFCE60026512E /* Assets.xcassets */; };
		9C08441720DCFCE60026512E /* LaunchScreen.storyboard in Resources */ = {isa = PBXBuildFile; fileRef = 9C08441520DCFCE60026512E /* LaunchScreen.storyboard */; };
		9C08442220DCFCE60026512E /* CoreDataSampleTests.swift in Sources */ = {isa = PBXBuildFile; fileRef = 9C08442120DCFCE60026512E /* CoreDataSampleTests.swift */; };
		9C08442D20DCFCE60026512E /* CoreDataSampleUITests.swift in Sources */ = {isa = PBXBuildFile; fileRef = 9C08442C20DCFCE60026512E /* CoreDataSampleUITests.swift */; };
		9C08444620DD05F70026512E /* Car+CoreDataClass.swift in Sources */ = {isa = PBXBuildFile; fileRef = 9C08444220DD05F70026512E /* Car+CoreDataClass.swift */; };
		9C08444720DD05F70026512E /* Car+CoreDataProperties.swift in Sources */ = {isa = PBXBuildFile; fileRef = 9C08444320DD05F70026512E /* Car+CoreDataProperties.swift */; };
		9C08444820DD05F70026512E /* User+CoreDataClass.swift in Sources */ = {isa = PBXBuildFile; fileRef = 9C08444420DD05F70026512E /* User+CoreDataClass.swift */; };
		9C08444920DD05F70026512E /* User+CoreDataProperties.swift in Sources */ = {isa = PBXBuildFile; fileRef = 9C08444520DD05F70026512E /* User+CoreDataProperties.swift */; };
/* End PBXBuildFile section */

/* Begin PBXContainerItemProxy section */
		9C08441E20DCFCE60026512E /* PBXContainerItemProxy */ = {
			isa = PBXContainerItemProxy;
			containerPortal = 9C0843FE20DCFCDE0026512E /* Project object */;
			proxyType = 1;
			remoteGlobalIDString = 9C08440520DCFCDE0026512E;
			remoteInfo = CoreDataSample;
		};
		9C08442920DCFCE60026512E /* PBXContainerItemProxy */ = {
			isa = PBXContainerItemProxy;
			containerPortal = 9C0843FE20DCFCDE0026512E /* Project object */;
			proxyType = 1;
			remoteGlobalIDString = 9C08440520DCFCDE0026512E;
			remoteInfo = CoreDataSample;
		};
/* End PBXContainerItemProxy section */

/* Begin PBXFileReference section */
		9C08440620DCFCDE0026512E /* CoreDataSample.app */ = {isa = PBXFileReference; explicitFileType = wrapper.application; includeInIndex = 0; path = CoreDataSample.app; sourceTree = BUILT_PRODUCTS_DIR; };
		9C08440920DCFCDE0026512E /* AppDelegate.swift */ = {isa = PBXFileReference; lastKnownFileType = sourcecode.swift; path = AppDelegate.swift; sourceTree = "<group>"; };
		9C08440B20DCFCDE0026512E /* ViewController.swift */ = {isa = PBXFileReference; lastKnownFileType = sourcecode.swift; path = ViewController.swift; sourceTree = "<group>"; };
		9C08440E20DCFCDE0026512E /* Base */ = {isa = PBXFileReference; lastKnownFileType = file.storyboard; name = Base; path = Base.lproj/Main.storyboard; sourceTree = "<group>"; };
		9C08441120DCFCDE0026512E /* CoreDataSample.xcdatamodel */ = {isa = PBXFileReference; lastKnownFileType = wrapper.xcdatamodel; path = CoreDataSample.xcdatamodel; sourceTree = "<group>"; };
		9C08441320DCFCE60026512E /* Assets.xcassets */ = {isa = PBXFileReference; lastKnownFileType = folder.assetcatalog; path = Assets.xcassets; sourceTree = "<group>"; };
		9C08441620DCFCE60026512E /* Base */ = {isa = PBXFileReference; lastKnownFileType = file.storyboard; name = Base; path = Base.lproj/LaunchScreen.storyboard; sourceTree = "<group>"; };
		9C08441820DCFCE60026512E /* Info.plist */ = {isa = PBXFileReference; lastKnownFileType = text.plist.xml; path = Info.plist; sourceTree = "<group>"; };
		9C08441D20DCFCE60026512E /* CoreDataSampleTests.xctest */ = {isa = PBXFileReference; explicitFileType = wrapper.cfbundle; includeInIndex = 0; path = CoreDataSampleTests.xctest; sourceTree = BUILT_PRODUCTS_DIR; };
		9C08442120DCFCE60026512E /* CoreDataSampleTests.swift */ = {isa = PBXFileReference; lastKnownFileType = sourcecode.swift; path = CoreDataSampleTests.swift; sourceTree = "<group>"; };
		9C08442320DCFCE60026512E /* Info.plist */ = {isa = PBXFileReference; lastKnownFileType = text.plist.xml; path = Info.plist; sourceTree = "<group>"; };
		9C08442820DCFCE60026512E /* CoreDataSampleUITests.xctest */ = {isa = PBXFileReference; explicitFileType = wrapper.cfbundle; includeInIndex = 0; path = CoreDataSampleUITests.xctest; sourceTree = BUILT_PRODUCTS_DIR; };
		9C08442C20DCFCE60026512E /* CoreDataSampleUITests.swift */ = {isa = PBXFileReference; lastKnownFileType = sourcecode.swift; path = CoreDataSampleUITests.swift; sourceTree = "<group>"; };
		9C08442E20DCFCE60026512E /* Info.plist */ = {isa = PBXFileReference; lastKnownFileType = text.plist.xml; path = Info.plist; sourceTree = "<group>"; };
		9C08444220DD05F70026512E /* Car+CoreDataClass.swift */ = {isa = PBXFileReference; lastKnownFileType = sourcecode.swift; path = "Car+CoreDataClass.swift"; sourceTree = "<group>"; };
		9C08444320DD05F70026512E /* Car+CoreDataProperties.swift */ = {isa = PBXFileReference; lastKnownFileType = sourcecode.swift; path = "Car+CoreDataProperties.swift"; sourceTree = "<group>"; };
		9C08444420DD05F70026512E /* User+CoreDataClass.swift */ = {isa = PBXFileReference; lastKnownFileType = sourcecode.swift; path = "User+CoreDataClass.swift"; sourceTree = "<group>"; };
		9C08444520DD05F70026512E /* User+CoreDataProperties.swift */ = {isa = PBXFileReference; lastKnownFileType = sourcecode.swift; path = "User+CoreDataProperties.swift"; sourceTree = "<group>"; };
/* End PBXFileReference section */

/* Begin PBXFrameworksBuildPhase section */
		9C08440320DCFCDE0026512E /* Frameworks */ = {
			isa = PBXFrameworksBuildPhase;
			buildActionMask = 2147483647;
			files = (
			);
			runOnlyForDeploymentPostprocessing = 0;
		};
		9C08441A20DCFCE60026512E /* Frameworks */ = {
			isa = PBXFrameworksBuildPhase;
			buildActionMask = 2147483647;
			files = (
			);
			runOnlyForDeploymentPostprocessing = 0;
		};
		9C08442520DCFCE60026512E /* Frameworks */ = {
			isa = PBXFrameworksBuildPhase;
			buildActionMask = 2147483647;
			files = (
			);
			runOnlyForDeploymentPostprocessing = 0;
		};
/* End PBXFrameworksBuildPhase section */

/* Begin PBXGroup section */
		9C0843FD20DCFCDE0026512E = {
			isa = PBXGroup;
			children = (
				9C08440820DCFCDE0026512E /* CoreDataSample */,
				9C08442020DCFCE60026512E /* CoreDataSampleTests */,
				9C08442B20DCFCE60026512E /* CoreDataSampleUITests */,
				9C08440720DCFCDE0026512E /* Products */,
			);
			sourceTree = "<group>";
		};
		9C08440720DCFCDE0026512E /* Products */ = {
			isa = PBXGroup;
			children = (
				9C08440620DCFCDE0026512E /* CoreDataSample.app */,
				9C08441D20DCFCE60026512E /* CoreDataSampleTests.xctest */,
				9C08442820DCFCE60026512E /* CoreDataSampleUITests.xctest */,
			);
			name = Products;
			sourceTree = "<group>";
		};
		9C08440820DCFCDE0026512E /* CoreDataSample */ = {
			isa = PBXGroup;
			children = (
				9C08444220DD05F70026512E /* Car+CoreDataClass.swift */,
				9C08444320DD05F70026512E /* Car+CoreDataProperties.swift */,
				9C08444420DD05F70026512E /* User+CoreDataClass.swift */,
				9C08444520DD05F70026512E /* User+CoreDataProperties.swift */,
				9C08440920DCFCDE0026512E /* AppDelegate.swift */,
				9C08440B20DCFCDE0026512E /* ViewController.swift */,
				9C08440D20DCFCDE0026512E /* Main.storyboard */,
				9C08441320DCFCE60026512E /* Assets.xcassets */,
				9C08441520DCFCE60026512E /* LaunchScreen.storyboard */,
				9C08441820DCFCE60026512E /* Info.plist */,
				9C08441020DCFCDE0026512E /* CoreDataSample.xcdatamodeld */,
			);
			path = CoreDataSample;
			sourceTree = "<group>";
		};
		9C08442020DCFCE60026512E /* CoreDataSampleTests */ = {
			isa = PBXGroup;
			children = (
				9C08442120DCFCE60026512E /* CoreDataSampleTests.swift */,
				9C08442320DCFCE60026512E /* Info.plist */,
			);
			path = CoreDataSampleTests;
			sourceTree = "<group>";
		};
		9C08442B20DCFCE60026512E /* CoreDataSampleUITests */ = {
			isa = PBXGroup;
			children = (
				9C08442C20DCFCE60026512E /* CoreDataSampleUITests.swift */,
				9C08442E20DCFCE60026512E /* Info.plist */,
			);
			path = CoreDataSampleUITests;
			sourceTree = "<group>";
		};
/* End PBXGroup section */

/* Begin PBXNativeTarget section */
		9C08440520DCFCDE0026512E /* CoreDataSample */ = {
			isa = PBXNativeTarget;
			buildConfigurationList = 9C08443120DCFCE60026512E /* Build configuration list for PBXNativeTarget "CoreDataSample" */;
			buildPhases = (
				9C08440220DCFCDE0026512E /* Sources */,
				9C08440320DCFCDE0026512E /* Frameworks */,
				9C08440420DCFCDE0026512E /* Resources */,
			);
			buildRules = (
			);
			dependencies = (
			);
			name = CoreDataSample;
			productName = CoreDataSample;
			productReference = 9C08440620DCFCDE0026512E /* CoreDataSample.app */;
			productType = "com.apple.product-type.application";
		};
		9C08441C20DCFCE60026512E /* CoreDataSampleTests */ = {
			isa = PBXNativeTarget;
			buildConfigurationList = 9C08443420DCFCE60026512E /* Build configuration list for PBXNativeTarget "CoreDataSampleTests" */;
			buildPhases = (
				9C08441920DCFCE60026512E /* Sources */,
				9C08441A20DCFCE60026512E /* Frameworks */,
				9C08441B20DCFCE60026512E /* Resources */,
			);
			buildRules = (
			);
			dependencies = (
				9C08441F20DCFCE60026512E /* PBXTargetDependency */,
			);
			name = CoreDataSampleTests;
			productName = CoreDataSampleTests;
			productReference = 9C08441D20DCFCE60026512E /* CoreDataSampleTests.xctest */;
			productType = "com.apple.product-type.bundle.unit-test";
		};
		9C08442720DCFCE60026512E /* CoreDataSampleUITests */ = {
			isa = PBXNativeTarget;
			buildConfigurationList = 9C08443720DCFCE60026512E /* Build configuration list for PBXNativeTarget "CoreDataSampleUITests" */;
			buildPhases = (
				9C08442420DCFCE60026512E /* Sources */,
				9C08442520DCFCE60026512E /* Frameworks */,
				9C08442620DCFCE60026512E /* Resources */,
			);
			buildRules = (
			);
			dependencies = (
				9C08442A20DCFCE60026512E /* PBXTargetDependency */,
			);
			name = CoreDataSampleUITests;
			productName = CoreDataSampleUITests;
			productReference = 9C08442820DCFCE60026512E /* CoreDataSampleUITests.xctest */;
			productType = "com.apple.product-type.bundle.ui-testing";
		};
/* End PBXNativeTarget section */

/* Begin PBXProject section */
		9C0843FE20DCFCDE0026512E /* Project object */ = {
			isa = PBXProject;
			attributes = {
				LastSwiftUpdateCheck = 0940;
				LastUpgradeCheck = 0940;
				ORGANIZATIONNAME = "Anil Kukadeja";
				TargetAttributes = {
					9C08440520DCFCDE0026512E = {
						CreatedOnToolsVersion = 9.4.1;
					};
					9C08441C20DCFCE60026512E = {
						CreatedOnToolsVersion = 9.4.1;
						TestTargetID = 9C08440520DCFCDE0026512E;
					};
					9C08442720DCFCE60026512E = {
						CreatedOnToolsVersion = 9.4.1;
						TestTargetID = 9C08440520DCFCDE0026512E;
					};
				};
			};
			buildConfigurationList = 9C08440120DCFCDE0026512E /* Build configuration list for PBXProject "CoreDataSample" */;
			compatibilityVersion = "Xcode 9.3";
			developmentRegion = en;
			hasScannedForEncodings = 0;
			knownRegions = (
				en,
				Base,
			);
			mainGroup = 9C0843FD20DCFCDE0026512E;
			productRefGroup = 9C08440720DCFCDE0026512E /* Products */;
			projectDirPath = "";
			projectRoot = "";
			targets = (
				9C08440520DCFCDE0026512E /* CoreDataSample */,
				9C08441C20DCFCE60026512E /* CoreDataSampleTests */,
				9C08442720DCFCE60026512E /* CoreDataSampleUITests */,
			);
		};
/* End PBXProject section */

/* Begin PBXResourcesBuildPhase section */
		9C08440420DCFCDE0026512E /* Resources */ = {
			isa = PBXResourcesBuildPhase;
			buildActionMask = 2147483647;
			files = (
				9C08441720DCFCE60026512E /* LaunchScreen.storyboard in Resources */,
				9C08441420DCFCE60026512E /* Assets.xcassets in Resources */,
				9C08440F20DCFCDE0026512E /* Main.storyboard in Resources */,
			);
			runOnlyForDeploymentPostprocessing = 0;
		};
		9C08441B20DCFCE60026512E /* Resources */ = {
			isa = PBXResourcesBuildPhase;
			buildActionMask = 2147483647;
			files = (
			);
			runOnlyForDeploymentPostprocessing = 0;
		};
		9C08442620DCFCE60026512E /* Resources */ = {
			isa = PBXResourcesBuildPhase;
			buildActionMask = 2147483647;
			files = (
			);
			runOnlyForDeploymentPostprocessing = 0;
		};
/* End PBXResourcesBuildPhase section */

/* Begin PBXSourcesBuildPhase section */
		9C08440220DCFCDE0026512E /* Sources */ = {
			isa = PBXSourcesBuildPhase;
			buildActionMask = 2147483647;
			files = (
				9C08444620DD05F70026512E /* Car+CoreDataClass.swift in Sources */,
				9C08444720DD05F70026512E /* Car+CoreDataProperties.swift in Sources */,
				9C08444820DD05F70026512E /* User+CoreDataClass.swift in Sources */,
				9C08444920DD05F70026512E /* User+CoreDataProperties.swift in Sources */,
				9C08440C20DCFCDE0026512E /* ViewController.swift in Sources */,
				9C08441220DCFCDE0026512E /* CoreDataSample.xcdatamodeld in Sources */,
				9C08440A20DCFCDE0026512E /* AppDelegate.swift in Sources */,
			);
			runOnlyForDeploymentPostprocessing = 0;
		};
		9C08441920DCFCE60026512E /* Sources */ = {
			isa = PBXSourcesBuildPhase;
			buildActionMask = 2147483647;
			files = (
				9C08442220DCFCE60026512E /* CoreDataSampleTests.swift in Sources */,
			);
			runOnlyForDeploymentPostprocessing = 0;
		};
		9C08442420DCFCE60026512E /* Sources */ = {
			isa = PBXSourcesBuildPhase;
			buildActionMask = 2147483647;
			files = (
				9C08442D20DCFCE60026512E /* CoreDataSampleUITests.swift in Sources */,
			);
			runOnlyForDeploymentPostprocessing = 0;
		};
/* End PBXSourcesBuildPhase section */

/* Begin PBXTargetDependency section */
		9C08441F20DCFCE60026512E /* PBXTargetDependency */ = {
			isa = PBXTargetDependency;
			target = 9C08440520DCFCDE0026512E /* CoreDataSample */;
			targetProxy = 9C08441E20DCFCE60026512E /* PBXContainerItemProxy */;
		};
		9C08442A20DCFCE60026512E /* PBXTargetDependency */ = {
			isa = PBXTargetDependency;
			target = 9C08440520DCFCDE0026512E /* CoreDataSample */;
			targetProxy = 9C08442920DCFCE60026512E /* PBXContainerItemProxy */;
		};
/* End PBXTargetDependency section */

/* Begin PBXVariantGroup section */
		9C08440D20DCFCDE0026512E /* Main.storyboard */ = {
			isa = PBXVariantGroup;
			children = (
				9C08440E20DCFCDE0026512E /* Base */,
			);
			name = Main.storyboard;
			sourceTree = "<group>";
		};
		9C08441520DCFCE60026512E /* LaunchScreen.storyboard */ = {
			isa = PBXVariantGroup;
			children = (
				9C08441620DCFCE60026512E /* Base */,
			);
			name = LaunchScreen.storyboard;
			sourceTree = "<group>";
		};
/* End PBXVariantGroup section */

/* Begin XCBuildConfiguration section */
		9C08442F20DCFCE60026512E /* Debug */ = {
			isa = XCBuildConfiguration;
			buildSettings = {
				ALWAYS_SEARCH_USER_PATHS = NO;
				CLANG_ANALYZER_NONNULL = YES;
				CLANG_ANALYZER_NUMBER_OBJECT_CONVERSION = YES_AGGRESSIVE;
				CLANG_CXX_LANGUAGE_STANDARD = "gnu++14";
				CLANG_CXX_LIBRARY = "libc++";
				CLANG_ENABLE_MODULES = YES;
				CLANG_ENABLE_OBJC_ARC = YES;
				CLANG_ENABLE_OBJC_WEAK = YES;
				CLANG_WARN_BLOCK_CAPTURE_AUTORELEASING = YES;
				CLANG_WARN_BOOL_CONVERSION = YES;
				CLANG_WARN_COMMA = YES;
				CLANG_WARN_CONSTANT_CONVERSION = YES;
				CLANG_WARN_DEPRECATED_OBJC_IMPLEMENTATIONS = YES;
				CLANG_WARN_DIRECT_OBJC_ISA_USAGE = YES_ERROR;
				CLANG_WARN_DOCUMENTATION_COMMENTS = YES;
				CLANG_WARN_EMPTY_BODY = YES;
				CLANG_WARN_ENUM_CONVERSION = YES;
				CLANG_WARN_INFINITE_RECURSION = YES;
				CLANG_WARN_INT_CONVERSION = YES;
				CLANG_WARN_NON_LITERAL_NULL_CONVERSION = YES;
				CLANG_WARN_OBJC_IMPLICIT_RETAIN_SELF = YES;
				CLANG_WARN_OBJC_LITERAL_CONVERSION = YES;
				CLANG_WARN_OBJC_ROOT_CLASS = YES_ERROR;
				CLANG_WARN_RANGE_LOOP_ANALYSIS = YES;
				CLANG_WARN_STRICT_PROTOTYPES = YES;
				CLANG_WARN_SUSPICIOUS_MOVE = YES;
				CLANG_WARN_UNGUARDED_AVAILABILITY = YES_AGGRESSIVE;
				CLANG_WARN_UNREACHABLE_CODE = YES;
				CLANG_WARN__DUPLICATE_METHOD_MATCH = YES;
				CODE_SIGN_IDENTITY = "iPhone Developer";
				COPY_PHASE_STRIP = NO;
				DEBUG_INFORMATION_FORMAT = dwarf;
				ENABLE_STRICT_OBJC_MSGSEND = YES;
				ENABLE_TESTABILITY = YES;
				GCC_C_LANGUAGE_STANDARD = gnu11;
				GCC_DYNAMIC_NO_PIC = NO;
				GCC_NO_COMMON_BLOCKS = YES;
				GCC_OPTIMIZATION_LEVEL = 0;
				GCC_PREPROCESSOR_DEFINITIONS = (
					"DEBUG=1",
					"$(inherited)",
				);
				GCC_WARN_64_TO_32_BIT_CONVERSION = YES;
				GCC_WARN_ABOUT_RETURN_TYPE = YES_ERROR;
				GCC_WARN_UNDECLARED_SELECTOR = YES;
				GCC_WARN_UNINITIALIZED_AUTOS = YES_AGGRESSIVE;
				GCC_WARN_UNUSED_FUNCTION = YES;
				GCC_WARN_UNUSED_VARIABLE = YES;
				IPHONEOS_DEPLOYMENT_TARGET = 11.4;
				MTL_ENABLE_DEBUG_INFO = YES;
				ONLY_ACTIVE_ARCH = YES;
				SDKROOT = iphoneos;
				SWIFT_ACTIVE_COMPILATION_CONDITIONS = DEBUG;
				SWIFT_OPTIMIZATION_LEVEL = "-Onone";
			};
			name = Debug;
		};
		9C08443020DCFCE60026512E /* Release */ = {
			isa = XCBuildConfiguration;
			buildSettings = {
				ALWAYS_SEARCH_USER_PATHS = NO;
				CLANG_ANALYZER_NONNULL = YES;
				CLANG_ANALYZER_NUMBER_OBJECT_CONVERSION = YES_AGGRESSIVE;
				CLANG_CXX_LANGUAGE_STANDARD = "gnu++14";
				CLANG_CXX_LIBRARY = "libc++";
				CLANG_ENABLE_MODULES = YES;
				CLANG_ENABLE_OBJC_ARC = YES;
				CLANG_ENABLE_OBJC_WEAK = YES;
				CLANG_WARN_BLOCK_CAPTURE_AUTORELEASING = YES;
				CLANG_WARN_BOOL_CONVERSION = YES;
				CLANG_WARN_COMMA = YES;
				CLANG_WARN_CONSTANT_CONVERSION = YES;
				CLANG_WARN_DEPRECATED_OBJC_IMPLEMENTATIONS = YES;
				CLANG_WARN_DIRECT_OBJC_ISA_USAGE = YES_ERROR;
				CLANG_WARN_DOCUMENTATION_COMMENTS = YES;
				CLANG_WARN_EMPTY_BODY = YES;
				CLANG_WARN_ENUM_CONVERSION = YES;
				CLANG_WARN_INFINITE_RECURSION = YES;
				CLANG_WARN_INT_CONVERSION = YES;
				CLANG_WARN_NON_LITERAL_NULL_CONVERSION = YES;
				CLANG_WARN_OBJC_IMPLICIT_RETAIN_SELF = YES;
				CLANG_WARN_OBJC_LITERAL_CONVERSION = YES;
				CLANG_WARN_OBJC_ROOT_CLASS = YES_ERROR;
				CLANG_WARN_RANGE_LOOP_ANALYSIS = YES;
				CLANG_WARN_STRICT_PROTOTYPES = YES;
				CLANG_WARN_SUSPICIOUS_MOVE = YES;
				CLANG_WARN_UNGUARDED_AVAILABILITY = YES_AGGRESSIVE;
				CLANG_WARN_UNREACHABLE_CODE = YES;
				CLANG_WARN__DUPLICATE_METHOD_MATCH = YES;
				CODE_SIGN_IDENTITY = "iPhone Developer";
				COPY_PHASE_STRIP = NO;
				DEBUG_INFORMATION_FORMAT = "dwarf-with-dsym";
				ENABLE_NS_ASSERTIONS = NO;
				ENABLE_STRICT_OBJC_MSGSEND = YES;
				GCC_C_LANGUAGE_STANDARD = gnu11;
				GCC_NO_COMMON_BLOCKS = YES;
				GCC_WARN_64_TO_32_BIT_CONVERSION = YES;
				GCC_WARN_ABOUT_RETURN_TYPE = YES_ERROR;
				GCC_WARN_UNDECLARED_SELECTOR = YES;
				GCC_WARN_UNINITIALIZED_AUTOS = YES_AGGRESSIVE;
				GCC_WARN_UNUSED_FUNCTION = YES;
				GCC_WARN_UNUSED_VARIABLE = YES;
				IPHONEOS_DEPLOYMENT_TARGET = 11.4;
				MTL_ENABLE_DEBUG_INFO = NO;
				SDKROOT = iphoneos;
				SWIFT_COMPILATION_MODE = wholemodule;
				SWIFT_OPTIMIZATION_LEVEL = "-O";
				VALIDATE_PRODUCT = YES;
			};
			name = Release;
		};
		9C08443220DCFCE60026512E /* Debug */ = {
			isa = XCBuildConfiguration;
			buildSettings = {
				ASSETCATALOG_COMPILER_APPICON_NAME = AppIcon;
				CODE_SIGN_STYLE = Automatic;
				INFOPLIST_FILE = CoreDataSample/Info.plist;
				LD_RUNPATH_SEARCH_PATHS = (
					"$(inherited)",
					"@executable_path/Frameworks",
				);
				PRODUCT_BUNDLE_IDENTIFIER = com.coredata.sample.CoreDataSample;
				PRODUCT_NAME = "$(TARGET_NAME)";
				SWIFT_VERSION = 4.0;
				TARGETED_DEVICE_FAMILY = "1,2";
			};
			name = Debug;
		};
		9C08443320DCFCE60026512E /* Release */ = {
			isa = XCBuildConfiguration;
			buildSettings = {
				ASSETCATALOG_COMPILER_APPICON_NAME = AppIcon;
				CODE_SIGN_STYLE = Automatic;
				INFOPLIST_FILE = CoreDataSample/Info.plist;
				LD_RUNPATH_SEARCH_PATHS = (
					"$(inherited)",
					"@executable_path/Frameworks",
				);
				PRODUCT_BUNDLE_IDENTIFIER = com.coredata.sample.CoreDataSample;
				PRODUCT_NAME = "$(TARGET_NAME)";
				SWIFT_VERSION = 4.0;
				TARGETED_DEVICE_FAMILY = "1,2";
			};
			name = Release;
		};
		9C08443520DCFCE60026512E /* Debug */ = {
			isa = XCBuildConfiguration;
			buildSettings = {
				ALWAYS_EMBED_SWIFT_STANDARD_LIBRARIES = YES;
				BUNDLE_LOADER = "$(TEST_HOST)";
				CODE_SIGN_STYLE = Automatic;
				INFOPLIST_FILE = CoreDataSampleTests/Info.plist;
				LD_RUNPATH_SEARCH_PATHS = (
					"$(inherited)",
					"@executable_path/Frameworks",
					"@loader_path/Frameworks",
				);
				PRODUCT_BUNDLE_IDENTIFIER = com.coredata.sample.CoreDataSampleTests;
				PRODUCT_NAME = "$(TARGET_NAME)";
				SWIFT_VERSION = 4.0;
				TARGETED_DEVICE_FAMILY = "1,2";
				TEST_HOST = "$(BUILT_PRODUCTS_DIR)/CoreDataSample.app/CoreDataSample";
			};
			name = Debug;
		};
		9C08443620DCFCE60026512E /* Release */ = {
			isa = XCBuildConfiguration;
			buildSettings = {
				ALWAYS_EMBED_SWIFT_STANDARD_LIBRARIES = YES;
				BUNDLE_LOADER = "$(TEST_HOST)";
				CODE_SIGN_STYLE = Automatic;
				INFOPLIST_FILE = CoreDataSampleTests/Info.plist;
				LD_RUNPATH_SEARCH_PATHS = (
					"$(inherited)",
					"@executable_path/Frameworks",
					"@loader_path/Frameworks",
				);
				PRODUCT_BUNDLE_IDENTIFIER = com.coredata.sample.CoreDataSampleTests;
				PRODUCT_NAME = "$(TARGET_NAME)";
				SWIFT_VERSION = 4.0;
				TARGETED_DEVICE_FAMILY = "1,2";
				TEST_HOST = "$(BUILT_PRODUCTS_DIR)/CoreDataSample.app/CoreDataSample";
			};
			name = Release;
		};
		9C08443820DCFCE60026512E /* Debug */ = {
			isa = XCBuildConfiguration;
			buildSettings = {
				ALWAYS_EMBED_SWIFT_STANDARD_LIBRARIES = YES;
				CODE_SIGN_STYLE = Automatic;
				INFOPLIST_FILE = CoreDataSampleUITests/Info.plist;
				LD_RUNPATH_SEARCH_PATHS = (
					"$(inherited)",
					"@executable_path/Frameworks",
					"@loader_path/Frameworks",
				);
				PRODUCT_BUNDLE_IDENTIFIER = com.coredata.sample.CoreDataSampleUITests;
				PRODUCT_NAME = "$(TARGET_NAME)";
				SWIFT_VERSION = 4.0;
				TARGETED_DEVICE_FAMILY = "1,2";
				TEST_TARGET_NAME = CoreDataSample;
			};
			name = Debug;
		};
		9C08443920DCFCE60026512E /* Release */ = {
			isa = XCBuildConfiguration;
			buildSettings = {
				ALWAYS_EMBED_SWIFT_STANDARD_LIBRARIES = YES;
				CODE_SIGN_STYLE = Automatic;
				INFOPLIST_FILE = CoreDataSampleUITests/Info.plist;
				LD_RUNPATH_SEARCH_PATHS = (
					"$(inherited)",
					"@executable_path/Frameworks",
					"@loader_path/Frameworks",
				);
				PRODUCT_BUNDLE_IDENTIFIER = com.coredata.sample.CoreDataSampleUITests;
				PRODUCT_NAME = "$(TARGET_NAME)";
				SWIFT_VERSION = 4.0;
				TARGETED_DEVICE_FAMILY = "1,2";
				TEST_TARGET_NAME = CoreDataSample;
			};
			name = Release;
		};
/* End XCBuildConfiguration section */

/* Begin XCConfigurationList section */
		9C08440120DCFCDE0026512E /* Build configuration list for PBXProject "CoreDataSample" */ = {
			isa = XCConfigurationList;
			buildConfigurations = (
				9C08442F20DCFCE60026512E /* Debug */,
				9C08443020DCFCE60026512E /* Release */,
			);
			defaultConfigurationIsVisible = 0;
			defaultConfigurationName = Release;
		};
		9C08443120DCFCE60026512E /* Build configuration list for PBXNativeTarget "CoreDataSample" */ = {
			isa = XCConfigurationList;
			buildConfigurations = (
				9C08443220DCFCE60026512E /* Debug */,
				9C08443320DCFCE60026512E /* Release */,
			);
			defaultConfigurationIsVisible = 0;
			defaultConfigurationName = Release;
		};
		9C08443420DCFCE60026512E /* Build configuration list for PBXNativeTarget "CoreDataSampleTests" */ = {
			isa = XCConfigurationList;
			buildConfigurations = (
				9C08443520DCFCE60026512E /* Debug */,
				9C08443620DCFCE60026512E /* Release */,
			);
			defaultConfigurationIsVisible = 0;
			defaultConfigurationName = Release;
		};
		9C08443720DCFCE60026512E /* Build configuration list for PBXNativeTarget "CoreDataSampleUITests" */ = {
			isa = XCConfigurationList;
			buildConfigurations = (
				9C08443820DCFCE60026512E /* Debug */,
				9C08443920DCFCE60026512E /* Release */,
			);
			defaultConfigurationIsVisible = 0;
			defaultConfigurationName = Release;
		};
/* End XCConfigurationList section */

/* Begin XCVersionGroup section */
		9C08441020DCFCDE0026512E /* CoreDataSample.xcdatamodeld */ = {
			isa = XCVersionGroup;
			children = (
				9C08441120DCFCDE0026512E /* CoreDataSample.xcdatamodel */,
			);
			currentVersion = 9C08441120DCFCDE0026512E /* CoreDataSample.xcdatamodel */;
			path = CoreDataSample.xcdatamodeld;
			sourceTree = "<group>";
			versionGroupType = wrapper.xcdatamodel;
		};
/* End XCVersionGroup section */
	};
	rootObject = 9C0843FE20DCFCDE0026512E /* Project object */;
}
